// !$*UTF8*$!
{
	archiveVersion = 1;
	classes = {
	};
	objectVersion = 46;
	objects = {

/* Begin PBXBuildFile section */
		3E53A0511C74F6CE00A43ADD /* AppDelegate.swift in Sources */ = {isa = PBXBuildFile; fileRef = 3E53A0501C74F6CE00A43ADD /* AppDelegate.swift */; };
		3E53A0531C74F6CE00A43ADD /* ViewController.swift in Sources */ = {isa = PBXBuildFile; fileRef = 3E53A0521C74F6CE00A43ADD /* ViewController.swift */; };
		3E53A0561C74F6CE00A43ADD /* Main.storyboard in Resources */ = {isa = PBXBuildFile; fileRef = 3E53A0541C74F6CE00A43ADD /* Main.storyboard */; };
		3E53A0581C74F6CE00A43ADD /* Assets.xcassets in Resources */ = {isa = PBXBuildFile; fileRef = 3E53A0571C74F6CE00A43ADD /* Assets.xcassets */; };
		3E53A05B1C74F6CE00A43ADD /* LaunchScreen.storyboard in Resources */ = {isa = PBXBuildFile; fileRef = 3E53A0591C74F6CE00A43ADD /* LaunchScreen.storyboard */; };
		3E53A0631C74F71E00A43ADD /* FormSheetViewController.swift in Sources */ = {isa = PBXBuildFile; fileRef = 3E53A0621C74F71E00A43ADD /* FormSheetViewController.swift */; };
/* End PBXBuildFile section */

/* Begin PBXFileReference section */
		3E53A04D1C74F6CE00A43ADD /* CustomAnimationPlay.app */ = {isa = PBXFileReference; explicitFileType = wrapper.application; includeInIndex = 0; path = CustomAnimationPlay.app; sourceTree = BUILT_PRODUCTS_DIR; };
		3E53A0501C74F6CE00A43ADD /* AppDelegate.swift */ = {isa = PBXFileReference; lastKnownFileType = sourcecode.swift; path = AppDelegate.swift; sourceTree = "<group>"; };
		3E53A0521C74F6CE00A43ADD /* ViewController.swift */ = {isa = PBXFileReference; lastKnownFileType = sourcecode.swift; path = ViewController.swift; sourceTree = "<group>"; };
		3E53A0551C74F6CE00A43ADD /* Base */ = {isa = PBXFileReference; lastKnownFileType = file.storyboard; name = Base; path = Base.lproj/Main.storyboard; sourceTree = "<group>"; };
		3E53A0571C74F6CE00A43ADD /* Assets.xcassets */ = {isa = PBXFileReference; lastKnownFileType = folder.assetcatalog; path = Assets.xcassets; sourceTree = "<group>"; };
		3E53A05A1C74F6CE00A43ADD /* Base */ = {isa = PBXFileReference; lastKnownFileType = file.storyboard; name = Base; path = Base.lproj/LaunchScreen.storyboard; sourceTree = "<group>"; };
		3E53A05C1C74F6CE00A43ADD /* Info.plist */ = {isa = PBXFileReference; lastKnownFileType = text.plist.xml; path = Info.plist; sourceTree = "<group>"; };
		3E53A0621C74F71E00A43ADD /* FormSheetViewController.swift */ = {isa = PBXFileReference; fileEncoding = 4; lastKnownFileType = sourcecode.swift; path = FormSheetViewController.swift; sourceTree = "<group>"; };
/* End PBXFileReference section */

/* Begin PBXFrameworksBuildPhase section */
		3E53A04A1C74F6CE00A43ADD /* Frameworks */ = {
			isa = PBXFrameworksBuildPhase;
			buildActionMask = 2147483647;
			files = (
			);
			runOnlyForDeploymentPostprocessing = 0;
		};
/* End PBXFrameworksBuildPhase section */

/* Begin PBXGroup section */
		3E53A0441C74F6CE00A43ADD = {
			isa = PBXGroup;
			children = (
				3E53A04F1C74F6CE00A43ADD /* CustomAnimationPlay */,
				3E53A04E1C74F6CE00A43ADD /* Products */,
			);
			sourceTree = "<group>";
		};
		3E53A04E1C74F6CE00A43ADD /* Products */ = {
			isa = PBXGroup;
			children = (
				3E53A04D1C74F6CE00A43ADD /* CustomAnimationPlay.app */,
			);
			name = Products;
			sourceTree = "<group>";
		};
		3E53A04F1C74F6CE00A43ADD /* CustomAnimationPlay */ = {
			isa = PBXGroup;
			children = (
				3E53A0501C74F6CE00A43ADD /* AppDelegate.swift */,
				3E53A0521C74F6CE00A43ADD /* ViewController.swift */,
				3E53A0621C74F71E00A43ADD /* FormSheetViewController.swift */,
				3E53A0541C74F6CE00A43ADD /* Main.storyboard */,
				3E53A0571C74F6CE00A43ADD /* Assets.xcassets */,
				3E53A0591C74F6CE00A43ADD /* LaunchScreen.storyboard */,
				3E53A05C1C74F6CE00A43ADD /* Info.plist */,
			);
			path = CustomAnimationPlay;
			sourceTree = "<group>";
		};
/* End PBXGroup section */

/* Begin PBXNativeTarget section */
		3E53A04C1C74F6CE00A43ADD /* CustomAnimationPlay */ = {
			isa = PBXNativeTarget;
			buildConfigurationList = 3E53A05F1C74F6CE00A43ADD /* Build configuration list for PBXNativeTarget "CustomAnimationPlay" */;
			buildPhases = (
				3E53A0491C74F6CE00A43ADD /* Sources */,
				3E53A04A1C74F6CE00A43ADD /* Frameworks */,
				3E53A04B1C74F6CE00A43ADD /* Resources */,
			);
			buildRules = (
			);
			dependencies = (
			);
			name = CustomAnimationPlay;
			productName = CustomAnimationPlay;
			productReference = 3E53A04D1C74F6CE00A43ADD /* CustomAnimationPlay.app */;
			productType = "com.apple.product-type.application";
		};
/* End PBXNativeTarget section */

/* Begin PBXProject section */
		3E53A0451C74F6CE00A43ADD /* Project object */ = {
			isa = PBXProject;
			attributes = {
				LastSwiftUpdateCheck = 0720;
				LastUpgradeCheck = 0720;
				ORGANIZATIONNAME = "Kan Chen";
				TargetAttributes = {
					3E53A04C1C74F6CE00A43ADD = {
						CreatedOnToolsVersion = 7.2.1;
					};
				};
			};
			buildConfigurationList = 3E53A0481C74F6CE00A43ADD /* Build configuration list for PBXProject "CustomAnimationPlay" */;
			compatibilityVersion = "Xcode 3.2";
			developmentRegion = English;
			hasScannedForEncodings = 0;
			knownRegions = (
				en,
				Base,
			);
			mainGroup = 3E53A0441C74F6CE00A43ADD;
			productRefGroup = 3E53A04E1C74F6CE00A43ADD /* Products */;
			projectDirPath = "";
			projectRoot = "";
			targets = (
				3E53A04C1C74F6CE00A43ADD /* CustomAnimationPlay */,
			);
		};
/* End PBXProject section */

/* Begin PBXResourcesBuildPhase section */
		3E53A04B1C74F6CE00A43ADD /* Resources */ = {
			isa = PBXResourcesBuildPhase;
			buildActionMask = 2147483647;
			files = (
				3E53A05B1C74F6CE00A43ADD /* LaunchScreen.storyboard in Resources */,
				3E53A0581C74F6CE00A43ADD /* Assets.xcassets in Resources */,
				3E53A0561C74F6CE00A43ADD /* Main.storyboard in Resources */,
			);
			runOnlyForDeploymentPostprocessing = 0;
		};
/* End PBXResourcesBuildPhase section */

/* Begin PBXSourcesBuildPhase section */
		3E53A0491C74F6CE00A43ADD /* Sources */ = {
			isa = PBXSourcesBuildPhase;
			buildActionMask = 2147483647;
			files = (
				3E53A0531C74F6CE00A43ADD /* ViewController.swift in Sources */,
				3E53A0511C74F6CE00A43ADD /* AppDelegate.swift in Sources */,
				3E53A0631C74F71E00A43ADD /* FormSheetViewController.swift in Sources */,
			);
			runOnlyForDeploymentPostprocessing = 0;
		};
/* End PBXSourcesBuildPhase section */

/* Begin PBXVariantGroup section */
		3E53A0541C74F6CE00A43ADD /* Main.storyboard */ = {
			isa = PBXVariantGroup;
			children = (
				3E53A0551C74F6CE00A43ADD /* Base */,
			);
			name = Main.storyboard;
			sourceTree = "<group>";
		};
		3E53A0591C74F6CE00A43ADD /* LaunchScreen.storyboard */ = {
			isa = PBXVariantGroup;
			children = (
				3E53A05A1C74F6CE00A43ADD /* Base */,
			);
			name = LaunchScreen.storyboard;
			sourceTree = "<group>";
		};
/* End PBXVariantGroup section */

/* Begin XCBuildConfiguration section */
		3E53A05D1C74F6CE00A43ADD /* Debug */ = {
			isa = XCBuildConfiguration;
			buildSettings = {
				ALWAYS_SEARCH_USER_PATHS = NO;
				CLANG_CXX_LANGUAGE_STANDARD = "gnu++0x";
				CLANG_CXX_LIBRARY = "libc++";
				CLANG_ENABLE_MODULES = YES;
				CLANG_ENABLE_OBJC_ARC = YES;
				CLANG_WARN_BOOL_CONVERSION = YES;
				CLANG_WARN_CONSTANT_CONVERSION = YES;
				CLANG_WARN_DIRECT_OBJC_ISA_USAGE = YES_ERROR;
				CLANG_WARN_EMPTY_BODY = YES;
				CLANG_WARN_ENUM_CONVERSION = YES;
				CLANG_WARN_INT_CONVERSION = YES;
				CLANG_WARN_OBJC_ROOT_CLASS = YES_ERROR;
				CLANG_WARN_UNREACHABLE_CODE = YES;
				CLANG_WARN__DUPLICATE_METHOD_MATCH = YES;
				"CODE_SIGN_IDENTITY[sdk=iphoneos*]" = "iPhone Developer";
				COPY_PHASE_STRIP = NO;
				DEBUG_INFORMATION_FORMAT = dwarf;
				ENABLE_STRICT_OBJC_MSGSEND = YES;
				ENABLE_TESTABILITY = YES;
				GCC_C_LANGUAGE_STANDARD = gnu99;
				GCC_DYNAMIC_NO_PIC = NO;
				GCC_NO_COMMON_BLOCKS = YES;
				GCC_OPTIMIZATION_LEVEL = 0;
				GCC_PREPROCESSOR_DEFINITIONS = (
					"DEBUG=1",
					"$(inherited)",
				);
				GCC_WARN_64_TO_32_BIT_CONVERSION = YES;
				GCC_WARN_ABOUT_RETURN_TYPE = YES_ERROR;
				GCC_WARN_UNDECLARED_SELECTOR = YES;
				GCC_WARN_UNINITIALIZED_AUTOS = YES_AGGRESSIVE;
				GCC_WARN_UNUSED_FUNCTION = YES;
				GCC_WARN_UNUSED_VARIABLE = YES;
				IPHONEOS_DEPLOYMENT_TARGET = 9.2;
				MTL_ENABLE_DEBUG_INFO = YES;
				ONLY_ACTIVE_ARCH = YES;
				SDKROOT = iphoneos;
				SWIFT_OPTIMIZATION_LEVEL = "-Onone";
				TARGETED_DEVICE_FAMILY = "1,2";
			};
			name = Debug;
		};
		3E53A05E1C74F6CE00A43ADD /* Release */ = {
			isa = XCBuildConfiguration;
			buildSettings = {
				ALWAYS_SEARCH_USER_PATHS = NO;
				CLANG_CXX_LANGUAGE_STANDARD = "gnu++0x";
				CLANG_CXX_LIBRARY = "libc++";
				CLANG_ENABLE_MODULES = YES;
				CLANG_ENABLE_OBJC_ARC = YES;
				CLANG_WARN_BOOL_CONVERSION = YES;
				CLANG_WARN_CONSTANT_CONVERSION = YES;
				CLANG_WARN_DIRECT_OBJC_ISA_USAGE = YES_ERROR;
				CLANG_WARN_EMPTY_BODY = YES;
				CLANG_WARN_ENUM_CONVERSION = YES;
				CLANG_WARN_INT_CONVERSION = YES;
				CLANG_WARN_OBJC_ROOT_CLASS = YES_ERROR;
				CLANG_WARN_UNREACHABLE_CODE = YES;
				CLANG_WARN__DUPLICATE_METHOD_MATCH = YES;
				"CODE_SIGN_IDENTITY[sdk=iphoneos*]" = "iPhone Developer";
				COPY_PHASE_STRIP = NO;
				DEBUG_INFORMATION_FORMAT = "dwarf-with-dsym";
				ENABLE_NS_ASSERTIONS = NO;
				ENABLE_STRICT_OBJC_MSGSEND = YES;
				GCC_C_LANGUAGE_STANDARD = gnu99;
				GCC_NO_COMMON_BLOCKS = YES;
				GCC_WARN_64_TO_32_BIT_CONVERSION = YES;
				GCC_WARN_ABOUT_RETURN_TYPE = YES_ERROR;
				GCC_WARN_UNDECLARED_SELECTOR = YES;
				GCC_WARN_UNINITIALIZED_AUTOS = YES_AGGRESSIVE;
				GCC_WARN_UNUSED_FUNCTION = YES;
				GCC_WARN_UNUSED_VARIABLE = YES;
				IPHONEOS_DEPLOYMENT_TARGET = 9.2;
				MTL_ENABLE_DEBUG_INFO = NO;
				SDKROOT = iphoneos;
				TARGETED_DEVICE_FAMILY = "1,2";
				VALIDATE_PRODUCT = YES;
			};
			name = Release;
		};
		3E53A0601C74F6CE00A43ADD /* Debug */ = {
			isa = XCBuildConfiguration;
			buildSettings = {
				ASSETCATALOG_COMPILER_APPICON_NAME = AppIcon;
				INFOPLIST_FILE = CustomAnimationPlay/Info.plist;
				LD_RUNPATH_SEARCH_PATHS = "$(inherited) @executable_path/Frameworks";
				PRODUCT_BUNDLE_IDENTIFIER = "akihabara-nyc.CustomAnimationPlay";
				PRODUCT_NAME = "$(TARGET_NAME)";
			};
			name = Debug;
		};
		3E53A0611C74F6CE00A43ADD /* Release */ = {
			isa = XCBuildConfiguration;
			buildSettings = {
				ASSETCATALOG_COMPILER_APPICON_NAME = AppIcon;
				INFOPLIST_FILE = CustomAnimationPlay/Info.plist;
				LD_RUNPATH_SEARCH_PATHS = "$(inherited) @executable_path/Frameworks";
				PRODUCT_BUNDLE_IDENTIFIER = "akihabara-nyc.CustomAnimationPlay";
				PRODUCT_NAME = "$(TARGET_NAME)";
			};
			name = Release;
		};
/* End XCBuildConfiguration section */

/* Begin XCConfigurationList section */
		3E53A0481C74F6CE00A43ADD /* Build configuration list for PBXProject "CustomAnimationPlay" */ = {
			isa = XCConfigurationList;
			buildConfigurations = (
				3E53A05D1C74F6CE00A43ADD /* Debug */,
				3E53A05E1C74F6CE00A43ADD /* Release */,
			);
			defaultConfigurationIsVisible = 0;
			defaultConfigurationName = Release;
		};
		3E53A05F1C74F6CE00A43ADD /* Build configuration list for PBXNativeTarget "CustomAnimationPlay" */ = {
			isa = XCConfigurationList;
			buildConfigurations = (
				3E53A0601C74F6CE00A43ADD /* Debug */,
				3E53A0611C74F6CE00A43ADD /* Release */,
			);
			defaultConfigurationIsVisible = 0;
		};
/* End XCConfigurationList section */
	};
	rootObject = 3E53A0451C74F6CE00A43ADD /* Project object */;
}
