// !$*UTF8*$!
{
	archiveVersion = 1;
	classes = {
	};
	objectVersion = 46;
	objects = {

/* Begin PBXBuildFile section */
		3E16E1461CCAF83A00C2B532 /* main.m in Sources */ = {isa = PBXBuildFile; fileRef = 3E16E1451CCAF83A00C2B532 /* main.m */; };
		3E16E1491CCAF83A00C2B532 /* AppDelegate.m in Sources */ = {isa = PBXBuildFile; fileRef = 3E16E1481CCAF83A00C2B532 /* AppDelegate.m */; };
		3E16E14C1CCAF83A00C2B532 /* ViewController.m in Sources */ = {isa = PBXBuildFile; fileRef = 3E16E14B1CCAF83A00C2B532 /* ViewController.m */; };
		3E16E14F1CCAF83A00C2B532 /* Main.storyboard in Resources */ = {isa = PBXBuildFile; fileRef = 3E16E14D1CCAF83A00C2B532 /* Main.storyboard */; };
		3E16E1511CCAF83A00C2B532 /* Assets.xcassets in Resources */ = {isa = PBXBuildFile; fileRef = 3E16E1501CCAF83A00C2B532 /* Assets.xcassets */; };
		3E16E1541CCAF83A00C2B532 /* LaunchScreen.storyboard in Resources */ = {isa = PBXBuildFile; fileRef = 3E16E1521CCAF83A00C2B532 /* LaunchScreen.storyboard */; };
/* End PBXBuildFile section */

/* Begin PBXFileReference section */
		3E16E1411CCAF83A00C2B532 /* Test.app */ = {isa = PBXFileReference; explicitFileType = wrapper.application; includeInIndex = 0; path = Test.app; sourceTree = BUILT_PRODUCTS_DIR; };
		3E16E1451CCAF83A00C2B532 /* main.m */ = {isa = PBXFileReference; lastKnownFileType = sourcecode.c.objc; path = main.m; sourceTree = "<group>"; };
		3E16E1471CCAF83A00C2B532 /* AppDelegate.h */ = {isa = PBXFileReference; lastKnownFileType = sourcecode.c.h; path = AppDelegate.h; sourceTree = "<group>"; };
		3E16E1481CCAF83A00C2B532 /* AppDelegate.m */ = {isa = PBXFileReference; lastKnownFileType = sourcecode.c.objc; path = AppDelegate.m; sourceTree = "<group>"; };
		3E16E14A1CCAF83A00C2B532 /* ViewController.h */ = {isa = PBXFileReference; lastKnownFileType = sourcecode.c.h; path = ViewController.h; sourceTree = "<group>"; };
		3E16E14B1CCAF83A00C2B532 /* ViewController.m */ = {isa = PBXFileReference; lastKnownFileType = sourcecode.c.objc; path = ViewController.m; sourceTree = "<group>"; };
		3E16E14E1CCAF83A00C2B532 /* Base */ = {isa = PBXFileReference; lastKnownFileType = file.storyboard; name = Base; path = Base.lproj/Main.storyboard; sourceTree = "<group>"; };
		3E16E1501CCAF83A00C2B532 /* Assets.xcassets */ = {isa = PBXFileReference; lastKnownFileType = folder.assetcatalog; path = Assets.xcassets; sourceTree = "<group>"; };
		3E16E1531CCAF83A00C2B532 /* Base */ = {isa = PBXFileReference; lastKnownFileType = file.storyboard; name = Base; path = Base.lproj/LaunchScreen.storyboard; sourceTree = "<group>"; };
		3E16E1551CCAF83A00C2B532 /* Info.plist */ = {isa = PBXFileReference; lastKnownFileType = text.plist.xml; path = Info.plist; sourceTree = "<group>"; };
/* End PBXFileReference section */

/* Begin PBXFrameworksBuildPhase section */
		3E16E13E1CCAF83A00C2B532 /* Frameworks */ = {
			isa = PBXFrameworksBuildPhase;
			buildActionMask = 2147483647;
			files = (
			);
			runOnlyForDeploymentPostprocessing = 0;
		};
/* End PBXFrameworksBuildPhase section */

/* Begin PBXGroup section */
		3E16E1381CCAF83A00C2B532 = {
			isa = PBXGroup;
			children = (
				3E16E1431CCAF83A00C2B532 /* Test */,
				3E16E1421CCAF83A00C2B532 /* Products */,
			);
			sourceTree = "<group>";
		};
		3E16E1421CCAF83A00C2B532 /* Products */ = {
			isa = PBXGroup;
			children = (
				3E16E1411CCAF83A00C2B532 /* Test.app */,
			);
			name = Products;
			sourceTree = "<group>";
		};
		3E16E1431CCAF83A00C2B532 /* Test */ = {
			isa = PBXGroup;
			children = (
				3E16E1471CCAF83A00C2B532 /* AppDelegate.h */,
				3E16E1481CCAF83A00C2B532 /* AppDelegate.m */,
				3E16E14A1CCAF83A00C2B532 /* ViewController.h */,
				3E16E14B1CCAF83A00C2B532 /* ViewController.m */,
				3E16E14D1CCAF83A00C2B532 /* Main.storyboard */,
				3E16E1501CCAF83A00C2B532 /* Assets.xcassets */,
				3E16E1521CCAF83A00C2B532 /* LaunchScreen.storyboard */,
				3E16E1551CCAF83A00C2B532 /* Info.plist */,
				3E16E1441CCAF83A00C2B532 /* Supporting Files */,
			);
			path = Test;
			sourceTree = "<group>";
		};
		3E16E1441CCAF83A00C2B532 /* Supporting Files */ = {
			isa = PBXGroup;
			children = (
				3E16E1451CCAF83A00C2B532 /* main.m */,
			);
			name = "Supporting Files";
			sourceTree = "<group>";
		};
/* End PBXGroup section */

/* Begin PBXNativeTarget section */
		3E16E1401CCAF83A00C2B532 /* Test */ = {
			isa = PBXNativeTarget;
			buildConfigurationList = 3E16E1581CCAF83A00C2B532 /* Build configuration list for PBXNativeTarget "Test" */;
			buildPhases = (
				3E16E13D1CCAF83A00C2B532 /* Sources */,
				3E16E13E1CCAF83A00C2B532 /* Frameworks */,
				3E16E13F1CCAF83A00C2B532 /* Resources */,
			);
			buildRules = (
			);
			dependencies = (
			);
			name = Test;
			productName = Test;
			productReference = 3E16E1411CCAF83A00C2B532 /* Test.app */;
			productType = "com.apple.product-type.application";
		};
/* End PBXNativeTarget section */

/* Begin PBXProject section */
		3E16E1391CCAF83A00C2B532 /* Project object */ = {
			isa = PBXProject;
			attributes = {
				LastUpgradeCheck = 0730;
				ORGANIZATIONNAME = "Kan Chen";
				TargetAttributes = {
					3E16E1401CCAF83A00C2B532 = {
						CreatedOnToolsVersion = 7.3;
					};
				};
			};
			buildConfigurationList = 3E16E13C1CCAF83A00C2B532 /* Build configuration list for PBXProject "Test" */;
			compatibilityVersion = "Xcode 3.2";
			developmentRegion = English;
			hasScannedForEncodings = 0;
			knownRegions = (
				en,
				Base,
			);
			mainGroup = 3E16E1381CCAF83A00C2B532;
			productRefGroup = 3E16E1421CCAF83A00C2B532 /* Products */;
			projectDirPath = "";
			projectRoot = "";
			targets = (
				3E16E1401CCAF83A00C2B532 /* Test */,
			);
		};
/* End PBXProject section */

/* Begin PBXResourcesBuildPhase section */
		3E16E13F1CCAF83A00C2B532 /* Resources */ = {
			isa = PBXResourcesBuildPhase;
			buildActionMask = 2147483647;
			files = (
				3E16E1541CCAF83A00C2B532 /* LaunchScreen.storyboard in Resources */,
				3E16E1511CCAF83A00C2B532 /* Assets.xcassets in Resources */,
				3E16E14F1CCAF83A00C2B532 /* Main.storyboard in Resources */,
			);
			runOnlyForDeploymentPostprocessing = 0;
		};
/* End PBXResourcesBuildPhase section */

/* Begin PBXSourcesBuildPhase section */
		3E16E13D1CCAF83A00C2B532 /* Sources */ = {
			isa = PBXSourcesBuildPhase;
			buildActionMask = 2147483647;
			files = (
				3E16E14C1CCAF83A00C2B532 /* ViewController.m in Sources */,
				3E16E1491CCAF83A00C2B532 /* AppDelegate.m in Sources */,
				3E16E1461CCAF83A00C2B532 /* main.m in Sources */,
			);
			runOnlyForDeploymentPostprocessing = 0;
		};
/* End PBXSourcesBuildPhase section */

/* Begin PBXVariantGroup section */
		3E16E14D1CCAF83A00C2B532 /* Main.storyboard */ = {
			isa = PBXVariantGroup;
			children = (
				3E16E14E1CCAF83A00C2B532 /* Base */,
			);
			name = Main.storyboard;
			sourceTree = "<group>";
		};
		3E16E1521CCAF83A00C2B532 /* LaunchScreen.storyboard */ = {
			isa = PBXVariantGroup;
			children = (
				3E16E1531CCAF83A00C2B532 /* Base */,
			);
			name = LaunchScreen.storyboard;
			sourceTree = "<group>";
		};
/* End PBXVariantGroup section */

/* Begin XCBuildConfiguration section */
		3E16E1561CCAF83A00C2B532 /* Debug */ = {
			isa = XCBuildConfiguration;
			buildSettings = {
				ALWAYS_SEARCH_USER_PATHS = NO;
				CLANG_ANALYZER_NONNULL = YES;
				CLANG_CXX_LANGUAGE_STANDARD = "gnu++0x";
				CLANG_CXX_LIBRARY = "libc++";
				CLANG_ENABLE_MODULES = YES;
				CLANG_ENABLE_OBJC_ARC = YES;
				CLANG_WARN_BOOL_CONVERSION = YES;
				CLANG_WARN_CONSTANT_CONVERSION = YES;
				CLANG_WARN_DIRECT_OBJC_ISA_USAGE = YES_ERROR;
				CLANG_WARN_EMPTY_BODY = YES;
				CLANG_WARN_ENUM_CONVERSION = YES;
				CLANG_WARN_INT_CONVERSION = YES;
				CLANG_WARN_OBJC_ROOT_CLASS = YES_ERROR;
				CLANG_WARN_UNREACHABLE_CODE = YES;
				CLANG_WARN__DUPLICATE_METHOD_MATCH = YES;
				"CODE_SIGN_IDENTITY[sdk=iphoneos*]" = "iPhone Developer";
				COPY_PHASE_STRIP = NO;
				DEBUG_INFORMATION_FORMAT = dwarf;
				ENABLE_STRICT_OBJC_MSGSEND = YES;
				ENABLE_TESTABILITY = YES;
				GCC_C_LANGUAGE_STANDARD = gnu99;
				GCC_DYNAMIC_NO_PIC = NO;
				GCC_NO_COMMON_BLOCKS = YES;
				GCC_OPTIMIZATION_LEVEL = 0;
				GCC_PREPROCESSOR_DEFINITIONS = (
					"DEBUG=1",
					"$(inherited)",
				);
				GCC_WARN_64_TO_32_BIT_CONVERSION = YES;
				GCC_WARN_ABOUT_RETURN_TYPE = YES_ERROR;
				GCC_WARN_UNDECLARED_SELECTOR = YES;
				GCC_WARN_UNINITIALIZED_AUTOS = YES_AGGRESSIVE;
				GCC_WARN_UNUSED_FUNCTION = YES;
				GCC_WARN_UNUSED_VARIABLE = YES;
				IPHONEOS_DEPLOYMENT_TARGET = 9.3;
				MTL_ENABLE_DEBUG_INFO = YES;
				ONLY_ACTIVE_ARCH = YES;
				SDKROOT = iphoneos;
				TARGETED_DEVICE_FAMILY = "1,2";
			};
			name = Debug;
		};
		3E16E1571CCAF83A00C2B532 /* Release */ = {
			isa = XCBuildConfiguration;
			buildSettings = {
				ALWAYS_SEARCH_USER_PATHS = NO;
				CLANG_ANALYZER_NONNULL = YES;
				CLANG_CXX_LANGUAGE_STANDARD = "gnu++0x";
				CLANG_CXX_LIBRARY = "libc++";
				CLANG_ENABLE_MODULES = YES;
				CLANG_ENABLE_OBJC_ARC = YES;
				CLANG_WARN_BOOL_CONVERSION = YES;
				CLANG_WARN_CONSTANT_CONVERSION = YES;
				CLANG_WARN_DIRECT_OBJC_ISA_USAGE = YES_ERROR;
				CLANG_WARN_EMPTY_BODY = YES;
				CLANG_WARN_ENUM_CONVERSION = YES;
				CLANG_WARN_INT_CONVERSION = YES;
				CLANG_WARN_OBJC_ROOT_CLASS = YES_ERROR;
				CLANG_WARN_UNREACHABLE_CODE = YES;
				CLANG_WARN__DUPLICATE_METHOD_MATCH = YES;
				"CODE_SIGN_IDENTITY[sdk=iphoneos*]" = "iPhone Developer";
				COPY_PHASE_STRIP = NO;
				DEBUG_INFORMATION_FORMAT = "dwarf-with-dsym";
				ENABLE_NS_ASSERTIONS = NO;
				ENABLE_STRICT_OBJC_MSGSEND = YES;
				GCC_C_LANGUAGE_STANDARD = gnu99;
				GCC_NO_COMMON_BLOCKS = YES;
				GCC_WARN_64_TO_32_BIT_CONVERSION = YES;
				GCC_WARN_ABOUT_RETURN_TYPE = YES_ERROR;
				GCC_WARN_UNDECLARED_SELECTOR = YES;
				GCC_WARN_UNINITIALIZED_AUTOS = YES_AGGRESSIVE;
				GCC_WARN_UNUSED_FUNCTION = YES;
				GCC_WARN_UNUSED_VARIABLE = YES;
				IPHONEOS_DEPLOYMENT_TARGET = 9.3;
				MTL_ENABLE_DEBUG_INFO = NO;
				SDKROOT = iphoneos;
				TARGETED_DEVICE_FAMILY = "1,2";
				VALIDATE_PRODUCT = YES;
			};
			name = Release;
		};
		3E16E1591CCAF83A00C2B532 /* Debug */ = {
			isa = XCBuildConfiguration;
			buildSettings = {
				ASSETCATALOG_COMPILER_APPICON_NAME = AppIcon;
				INFOPLIST_FILE = Test/Info.plist;
				LD_RUNPATH_SEARCH_PATHS = "$(inherited) @executable_path/Frameworks";
				PRODUCT_BUNDLE_IDENTIFIER = com.drchrono.Test;
				PRODUCT_NAME = "$(TARGET_NAME)";
			};
			name = Debug;
		};
		3E16E15A1CCAF83A00C2B532 /* Release */ = {
			isa = XCBuildConfiguration;
			buildSettings = {
				ASSETCATALOG_COMPILER_APPICON_NAME = AppIcon;
				INFOPLIST_FILE = Test/Info.plist;
				LD_RUNPATH_SEARCH_PATHS = "$(inherited) @executable_path/Frameworks";
				PRODUCT_BUNDLE_IDENTIFIER = com.drchrono.Test;
				PRODUCT_NAME = "$(TARGET_NAME)";
			};
			name = Release;
		};
/* End XCBuildConfiguration section */

/* Begin XCConfigurationList section */
		3E16E13C1CCAF83A00C2B532 /* Build configuration list for PBXProject "Test" */ = {
			isa = XCConfigurationList;
			buildConfigurations = (
				3E16E1561CCAF83A00C2B532 /* Debug */,
				3E16E1571CCAF83A00C2B532 /* Release */,
			);
			defaultConfigurationIsVisible = 0;
			defaultConfigurationName = Release;
		};
		3E16E1581CCAF83A00C2B532 /* Build configuration list for PBXNativeTarget "Test" */ = {
			isa = XCConfigurationList;
			buildConfigurations = (
				3E16E1591CCAF83A00C2B532 /* Debug */,
				3E16E15A1CCAF83A00C2B532 /* Release */,
			);
			defaultConfigurationIsVisible = 0;
		};
/* End XCConfigurationList section */
	};
	rootObject = 3E16E1391CCAF83A00C2B532 /* Project object */;
}
